
Microsoft Visual Studio Solution File, Format Version 12.00
# Visual Studio Version 17
VisualStudioVersion = 17.5.33424.131
MinimumVisualStudioVersion = 10.0.40219.1
Project("{8BC9CEB8-8B4A-11D0-8D11-00A0C91BC942}") = "game_3sanziqi", "game_3sanziqi\game_3sanziqi.vcxproj", "{34A103E1-9A16-4CA1-AEC1-212856B36EAD}"
EndProject
Global
	GlobalSection(SolutionConfigurationPlatforms) = preSolution
		Debug|x64 = Debug|x64
		Debug|x86 = Debug|x86
		Release|x64 = Release|x64
		Release|x86 = Release|x86
	EndGlobalSection
	GlobalSection(ProjectConfigurationPlatforms) = postSolution
		{34A103E1-9A16-4CA1-AEC1-212856B36EAD}.Debug|x64.ActiveCfg = Debug|x64
		{34A103E1-9A16-4CA1-AEC1-212856B36EAD}.Debug|x64.Build.0 = Debug|x64
		{34A103E1-9A16-4CA1-AEC1-212856B36EAD}.Debug|x86.ActiveCfg = Debug|Win32
		{34A103E1-9A16-4CA1-AEC1-212856B36EAD}.Debug|x86.Build.0 = Debug|Win32
		{34A103E1-9A16-4CA1-AEC1-212856B36EAD}.Release|x64.ActiveCfg = Release|x64
		{34A103E1-9A16-4CA1-AEC1-212856B36EAD}.Release|x64.Build.0 = Release|x64
		{34A103E1-9A16-4CA1-AEC1-212856B36EAD}.Release|x86.ActiveCfg = Release|Win32
		{34A103E1-9A16-4CA1-AEC1-212856B36EAD}.Release|x86.Build.0 = Release|Win32
	EndGlobalSection
	GlobalSection(SolutionProperties) = preSolution
		HideSolutionNode = FALSE
	EndGlobalSection
	GlobalSection(ExtensibilityGlobals) = postSolution
		SolutionGuid = {FF87BCAC-37B4-4162-AA00-98746FAF43C7}
	EndGlobalSection
EndGlobal
